// !$*UTF8*$!
{
	archiveVersion = 1;
	classes = {
	};
	objectVersion = 46;
	objects = {

/* Begin PBXBuildFile section */
		A36935591DF352D4005F5C2C /* AppDelegate.swift in Sources */ = {isa = PBXBuildFile; fileRef = A36935581DF352D4005F5C2C /* AppDelegate.swift */; };
		A369355B1DF352D4005F5C2C /* ViewController.swift in Sources */ = {isa = PBXBuildFile; fileRef = A369355A1DF352D4005F5C2C /* ViewController.swift */; };
		A369355E1DF352D4005F5C2C /* Main.storyboard in Resources */ = {isa = PBXBuildFile; fileRef = A369355C1DF352D4005F5C2C /* Main.storyboard */; };
		A36935601DF352D4005F5C2C /* Assets.xcassets in Resources */ = {isa = PBXBuildFile; fileRef = A369355F1DF352D4005F5C2C /* Assets.xcassets */; };
		A36935631DF352D4005F5C2C /* LaunchScreen.storyboard in Resources */ = {isa = PBXBuildFile; fileRef = A36935611DF352D4005F5C2C /* LaunchScreen.storyboard */; };
		A369356E1DF352D4005F5C2C /* mt_mapappTests.swift in Sources */ = {isa = PBXBuildFile; fileRef = A369356D1DF352D4005F5C2C /* mt_mapappTests.swift */; };
		A36935791DF352D4005F5C2C /* mt_mapappUITests.swift in Sources */ = {isa = PBXBuildFile; fileRef = A36935781DF352D4005F5C2C /* mt_mapappUITests.swift */; };
		A36935871DF352E9005F5C2C /* MapKit.framework in Frameworks */ = {isa = PBXBuildFile; fileRef = A36935861DF352E9005F5C2C /* MapKit.framework */; };
/* End PBXBuildFile section */

/* Begin PBXContainerItemProxy section */
		A369356A1DF352D4005F5C2C /* PBXContainerItemProxy */ = {
			isa = PBXContainerItemProxy;
			containerPortal = A369354D1DF352D4005F5C2C /* Project object */;
			proxyType = 1;
			remoteGlobalIDString = A36935541DF352D4005F5C2C;
			remoteInfo = "mt-mapapp";
		};
		A36935751DF352D4005F5C2C /* PBXContainerItemProxy */ = {
			isa = PBXContainerItemProxy;
			containerPortal = A369354D1DF352D4005F5C2C /* Project object */;
			proxyType = 1;
			remoteGlobalIDString = A36935541DF352D4005F5C2C;
			remoteInfo = "mt-mapapp";
		};
/* End PBXContainerItemProxy section */

/* Begin PBXFileReference section */
		A36935551DF352D4005F5C2C /* mt-mapapp.app */ = {isa = PBXFileReference; explicitFileType = wrapper.application; includeInIndex = 0; path = "mt-mapapp.app"; sourceTree = BUILT_PRODUCTS_DIR; };
		A36935581DF352D4005F5C2C /* AppDelegate.swift */ = {isa = PBXFileReference; lastKnownFileType = sourcecode.swift; path = AppDelegate.swift; sourceTree = "<group>"; };
		A369355A1DF352D4005F5C2C /* ViewController.swift */ = {isa = PBXFileReference; lastKnownFileType = sourcecode.swift; path = ViewController.swift; sourceTree = "<group>"; };
		A369355D1DF352D4005F5C2C /* Base */ = {isa = PBXFileReference; lastKnownFileType = file.storyboard; name = Base; path = Base.lproj/Main.storyboard; sourceTree = "<group>"; };
		A369355F1DF352D4005F5C2C /* Assets.xcassets */ = {isa = PBXFileReference; lastKnownFileType = folder.assetcatalog; path = Assets.xcassets; sourceTree = "<group>"; };
		A36935621DF352D4005F5C2C /* Base */ = {isa = PBXFileReference; lastKnownFileType = file.storyboard; name = Base; path = Base.lproj/LaunchScreen.storyboard; sourceTree = "<group>"; };
		A36935641DF352D4005F5C2C /* Info.plist */ = {isa = PBXFileReference; lastKnownFileType = text.plist.xml; path = Info.plist; sourceTree = "<group>"; };
		A36935691DF352D4005F5C2C /* mt-mapappTests.xctest */ = {isa = PBXFileReference; explicitFileType = wrapper.cfbundle; includeInIndex = 0; path = "mt-mapappTests.xctest"; sourceTree = BUILT_PRODUCTS_DIR; };
		A369356D1DF352D4005F5C2C /* mt_mapappTests.swift */ = {isa = PBXFileReference; lastKnownFileType = sourcecode.swift; path = mt_mapappTests.swift; sourceTree = "<group>"; };
		A369356F1DF352D4005F5C2C /* Info.plist */ = {isa = PBXFileReference; lastKnownFileType = text.plist.xml; path = Info.plist; sourceTree = "<group>"; };
		A36935741DF352D4005F5C2C /* mt-mapappUITests.xctest */ = {isa = PBXFileReference; explicitFileType = wrapper.cfbundle; includeInIndex = 0; path = "mt-mapappUITests.xctest"; sourceTree = BUILT_PRODUCTS_DIR; };
		A36935781DF352D4005F5C2C /* mt_mapappUITests.swift */ = {isa = PBXFileReference; lastKnownFileType = sourcecode.swift; path = mt_mapappUITests.swift; sourceTree = "<group>"; };
		A369357A1DF352D4005F5C2C /* Info.plist */ = {isa = PBXFileReference; lastKnownFileType = text.plist.xml; path = Info.plist; sourceTree = "<group>"; };
		A36935861DF352E9005F5C2C /* MapKit.framework */ = {isa = PBXFileReference; lastKnownFileType = wrapper.framework; name = MapKit.framework; path = System/Library/Frameworks/MapKit.framework; sourceTree = SDKROOT; };
/* End PBXFileReference section */

/* Begin PBXFrameworksBuildPhase section */
		A36935521DF352D4005F5C2C /* Frameworks */ = {
			isa = PBXFrameworksBuildPhase;
			buildActionMask = 2147483647;
			files = (
				A36935871DF352E9005F5C2C /* MapKit.framework in Frameworks */,
			);
			runOnlyForDeploymentPostprocessing = 0;
		};
		A36935661DF352D4005F5C2C /* Frameworks */ = {
			isa = PBXFrameworksBuildPhase;
			buildActionMask = 2147483647;
			files = (
			);
			runOnlyForDeploymentPostprocessing = 0;
		};
		A36935711DF352D4005F5C2C /* Frameworks */ = {
			isa = PBXFrameworksBuildPhase;
			buildActionMask = 2147483647;
			files = (
			);
			runOnlyForDeploymentPostprocessing = 0;
		};
/* End PBXFrameworksBuildPhase section */

/* Begin PBXGroup section */
		A369354C1DF352D4005F5C2C = {
			isa = PBXGroup;
			children = (
				A36935861DF352E9005F5C2C /* MapKit.framework */,
				A36935571DF352D4005F5C2C /* mt-mapapp */,
				A369356C1DF352D4005F5C2C /* mt-mapappTests */,
				A36935771DF352D4005F5C2C /* mt-mapappUITests */,
				A36935561DF352D4005F5C2C /* Products */,
			);
			sourceTree = "<group>";
		};
		A36935561DF352D4005F5C2C /* Products */ = {
			isa = PBXGroup;
			children = (
				A36935551DF352D4005F5C2C /* mt-mapapp.app */,
				A36935691DF352D4005F5C2C /* mt-mapappTests.xctest */,
				A36935741DF352D4005F5C2C /* mt-mapappUITests.xctest */,
			);
			name = Products;
			sourceTree = "<group>";
		};
		A36935571DF352D4005F5C2C /* mt-mapapp */ = {
			isa = PBXGroup;
			children = (
				A36935581DF352D4005F5C2C /* AppDelegate.swift */,
				A369355A1DF352D4005F5C2C /* ViewController.swift */,
				A369355C1DF352D4005F5C2C /* Main.storyboard */,
				A369355F1DF352D4005F5C2C /* Assets.xcassets */,
				A36935611DF352D4005F5C2C /* LaunchScreen.storyboard */,
				A36935641DF352D4005F5C2C /* Info.plist */,
			);
			path = "mt-mapapp";
			sourceTree = "<group>";
		};
		A369356C1DF352D4005F5C2C /* mt-mapappTests */ = {
			isa = PBXGroup;
			children = (
				A369356D1DF352D4005F5C2C /* mt_mapappTests.swift */,
				A369356F1DF352D4005F5C2C /* Info.plist */,
			);
			path = "mt-mapappTests";
			sourceTree = "<group>";
		};
		A36935771DF352D4005F5C2C /* mt-mapappUITests */ = {
			isa = PBXGroup;
			children = (
				A36935781DF352D4005F5C2C /* mt_mapappUITests.swift */,
				A369357A1DF352D4005F5C2C /* Info.plist */,
			);
			path = "mt-mapappUITests";
			sourceTree = "<group>";
		};
/* End PBXGroup section */

/* Begin PBXNativeTarget section */
		A36935541DF352D4005F5C2C /* mt-mapapp */ = {
			isa = PBXNativeTarget;
			buildConfigurationList = A369357D1DF352D4005F5C2C /* Build configuration list for PBXNativeTarget "mt-mapapp" */;
			buildPhases = (
				A36935511DF352D4005F5C2C /* Sources */,
				A36935521DF352D4005F5C2C /* Frameworks */,
				A36935531DF352D4005F5C2C /* Resources */,
			);
			buildRules = (
			);
			dependencies = (
			);
			name = "mt-mapapp";
			productName = "mt-mapapp";
			productReference = A36935551DF352D4005F5C2C /* mt-mapapp.app */;
			productType = "com.apple.product-type.application";
		};
		A36935681DF352D4005F5C2C /* mt-mapappTests */ = {
			isa = PBXNativeTarget;
			buildConfigurationList = A36935801DF352D4005F5C2C /* Build configuration list for PBXNativeTarget "mt-mapappTests" */;
			buildPhases = (
				A36935651DF352D4005F5C2C /* Sources */,
				A36935661DF352D4005F5C2C /* Frameworks */,
				A36935671DF352D4005F5C2C /* Resources */,
			);
			buildRules = (
			);
			dependencies = (
				A369356B1DF352D4005F5C2C /* PBXTargetDependency */,
			);
			name = "mt-mapappTests";
			productName = "mt-mapappTests";
			productReference = A36935691DF352D4005F5C2C /* mt-mapappTests.xctest */;
			productType = "com.apple.product-type.bundle.unit-test";
		};
		A36935731DF352D4005F5C2C /* mt-mapappUITests */ = {
			isa = PBXNativeTarget;
			buildConfigurationList = A36935831DF352D4005F5C2C /* Build configuration list for PBXNativeTarget "mt-mapappUITests" */;
			buildPhases = (
				A36935701DF352D4005F5C2C /* Sources */,
				A36935711DF352D4005F5C2C /* Frameworks */,
				A36935721DF352D4005F5C2C /* Resources */,
			);
			buildRules = (
			);
			dependencies = (
				A36935761DF352D4005F5C2C /* PBXTargetDependency */,
			);
			name = "mt-mapappUITests";
			productName = "mt-mapappUITests";
			productReference = A36935741DF352D4005F5C2C /* mt-mapappUITests.xctest */;
			productType = "com.apple.product-type.bundle.ui-testing";
		};
/* End PBXNativeTarget section */

/* Begin PBXProject section */
		A369354D1DF352D4005F5C2C /* Project object */ = {
			isa = PBXProject;
			attributes = {
				LastSwiftUpdateCheck = 0730;
				LastUpgradeCheck = 0730;
				TargetAttributes = {
					A36935541DF352D4005F5C2C = {
						CreatedOnToolsVersion = 7.3;
					};
					A36935681DF352D4005F5C2C = {
						CreatedOnToolsVersion = 7.3;
						TestTargetID = A36935541DF352D4005F5C2C;
					};
					A36935731DF352D4005F5C2C = {
						CreatedOnToolsVersion = 7.3;
						TestTargetID = A36935541DF352D4005F5C2C;
					};
				};
			};
			buildConfigurationList = A36935501DF352D4005F5C2C /* Build configuration list for PBXProject "mt-mapapp" */;
			compatibilityVersion = "Xcode 3.2";
			developmentRegion = English;
			hasScannedForEncodings = 0;
			knownRegions = (
				en,
				Base,
			);
			mainGroup = A369354C1DF352D4005F5C2C;
			productRefGroup = A36935561DF352D4005F5C2C /* Products */;
			projectDirPath = "";
			projectRoot = "";
			targets = (
				A36935541DF352D4005F5C2C /* mt-mapapp */,
				A36935681DF352D4005F5C2C /* mt-mapappTests */,
				A36935731DF352D4005F5C2C /* mt-mapappUITests */,
			);
		};
/* End PBXProject section */

/* Begin PBXResourcesBuildPhase section */
		A36935531DF352D4005F5C2C /* Resources */ = {
			isa = PBXResourcesBuildPhase;
			buildActionMask = 2147483647;
			files = (
				A36935631DF352D4005F5C2C /* LaunchScreen.storyboard in Resources */,
				A36935601DF352D4005F5C2C /* Assets.xcassets in Resources */,
				A369355E1DF352D4005F5C2C /* Main.storyboard in Resources */,
			);
			runOnlyForDeploymentPostprocessing = 0;
		};
		A36935671DF352D4005F5C2C /* Resources */ = {
			isa = PBXResourcesBuildPhase;
			buildActionMask = 2147483647;
			files = (
			);
			runOnlyForDeploymentPostprocessing = 0;
		};
		A36935721DF352D4005F5C2C /* Resources */ = {
			isa = PBXResourcesBuildPhase;
			buildActionMask = 2147483647;
			files = (
			);
			runOnlyForDeploymentPostprocessing = 0;
		};
/* End PBXResourcesBuildPhase section */

/* Begin PBXSourcesBuildPhase section */
		A36935511DF352D4005F5C2C /* Sources */ = {
			isa = PBXSourcesBuildPhase;
			buildActionMask = 2147483647;
			files = (
				A369355B1DF352D4005F5C2C /* ViewController.swift in Sources */,
				A36935591DF352D4005F5C2C /* AppDelegate.swift in Sources */,
			);
			runOnlyForDeploymentPostprocessing = 0;
		};
		A36935651DF352D4005F5C2C /* Sources */ = {
			isa = PBXSourcesBuildPhase;
			buildActionMask = 2147483647;
			files = (
				A369356E1DF352D4005F5C2C /* mt_mapappTests.swift in Sources */,
			);
			runOnlyForDeploymentPostprocessing = 0;
		};
		A36935701DF352D4005F5C2C /* Sources */ = {
			isa = PBXSourcesBuildPhase;
			buildActionMask = 2147483647;
			files = (
				A36935791DF352D4005F5C2C /* mt_mapappUITests.swift in Sources */,
			);
			runOnlyForDeploymentPostprocessing = 0;
		};
/* End PBXSourcesBuildPhase section */

/* Begin PBXTargetDependency section */
		A369356B1DF352D4005F5C2C /* PBXTargetDependency */ = {
			isa = PBXTargetDependency;
			target = A36935541DF352D4005F5C2C /* mt-mapapp */;
			targetProxy = A369356A1DF352D4005F5C2C /* PBXContainerItemProxy */;
		};
		A36935761DF352D4005F5C2C /* PBXTargetDependency */ = {
			isa = PBXTargetDependency;
			target = A36935541DF352D4005F5C2C /* mt-mapapp */;
			targetProxy = A36935751DF352D4005F5C2C /* PBXContainerItemProxy */;
		};
/* End PBXTargetDependency section */

/* Begin PBXVariantGroup section */
		A369355C1DF352D4005F5C2C /* Main.storyboard */ = {
			isa = PBXVariantGroup;
			children = (
				A369355D1DF352D4005F5C2C /* Base */,
			);
			name = Main.storyboard;
			sourceTree = "<group>";
		};
		A36935611DF352D4005F5C2C /* LaunchScreen.storyboard */ = {
			isa = PBXVariantGroup;
			children = (
				A36935621DF352D4005F5C2C /* Base */,
			);
			name = LaunchScreen.storyboard;
			sourceTree = "<group>";
		};
/* End PBXVariantGroup section */

/* Begin XCBuildConfiguration section */
		A369357B1DF352D4005F5C2C /* Debug */ = {
			isa = XCBuildConfiguration;
			buildSettings = {
				ALWAYS_SEARCH_USER_PATHS = NO;
				CLANG_ANALYZER_NONNULL = YES;
				CLANG_CXX_LANGUAGE_STANDARD = "gnu++0x";
				CLANG_CXX_LIBRARY = "libc++";
				CLANG_ENABLE_MODULES = YES;
				CLANG_ENABLE_OBJC_ARC = YES;
				CLANG_WARN_BOOL_CONVERSION = YES;
				CLANG_WARN_CONSTANT_CONVERSION = YES;
				CLANG_WARN_DIRECT_OBJC_ISA_USAGE = YES_ERROR;
				CLANG_WARN_EMPTY_BODY = YES;
				CLANG_WARN_ENUM_CONVERSION = YES;
				CLANG_WARN_INT_CONVERSION = YES;
				CLANG_WARN_OBJC_ROOT_CLASS = YES_ERROR;
				CLANG_WARN_UNREACHABLE_CODE = YES;
				CLANG_WARN__DUPLICATE_METHOD_MATCH = YES;
				"CODE_SIGN_IDENTITY[sdk=iphoneos*]" = "iPhone Developer";
				COPY_PHASE_STRIP = NO;
				DEBUG_INFORMATION_FORMAT = dwarf;
				ENABLE_STRICT_OBJC_MSGSEND = YES;
				ENABLE_TESTABILITY = YES;
				GCC_C_LANGUAGE_STANDARD = gnu99;
				GCC_DYNAMIC_NO_PIC = NO;
				GCC_NO_COMMON_BLOCKS = YES;
				GCC_OPTIMIZATION_LEVEL = 0;
				GCC_PREPROCESSOR_DEFINITIONS = (
					"DEBUG=1",
					"$(inherited)",
				);
				GCC_WARN_64_TO_32_BIT_CONVERSION = YES;
				GCC_WARN_ABOUT_RETURN_TYPE = YES_ERROR;
				GCC_WARN_UNDECLARED_SELECTOR = YES;
				GCC_WARN_UNINITIALIZED_AUTOS = YES_AGGRESSIVE;
				GCC_WARN_UNUSED_FUNCTION = YES;
				GCC_WARN_UNUSED_VARIABLE = YES;
				IPHONEOS_DEPLOYMENT_TARGET = 9.3;
				MTL_ENABLE_DEBUG_INFO = YES;
				ONLY_ACTIVE_ARCH = YES;
				SDKROOT = iphoneos;
				SWIFT_OPTIMIZATION_LEVEL = "-Onone";
			};
			name = Debug;
		};
		A369357C1DF352D4005F5C2C /* Release */ = {
			isa = XCBuildConfiguration;
			buildSettings = {
				ALWAYS_SEARCH_USER_PATHS = NO;
				CLANG_ANALYZER_NONNULL = YES;
				CLANG_CXX_LANGUAGE_STANDARD = "gnu++0x";
				CLANG_CXX_LIBRARY = "libc++";
				CLANG_ENABLE_MODULES = YES;
				CLANG_ENABLE_OBJC_ARC = YES;
				CLANG_WARN_BOOL_CONVERSION = YES;
				CLANG_WARN_CONSTANT_CONVERSION = YES;
				CLANG_WARN_DIRECT_OBJC_ISA_USAGE = YES_ERROR;
				CLANG_WARN_EMPTY_BODY = YES;
				CLANG_WARN_ENUM_CONVERSION = YES;
				CLANG_WARN_INT_CONVERSION = YES;
				CLANG_WARN_OBJC_ROOT_CLASS = YES_ERROR;
				CLANG_WARN_UNREACHABLE_CODE = YES;
				CLANG_WARN__DUPLICATE_METHOD_MATCH = YES;
				"CODE_SIGN_IDENTITY[sdk=iphoneos*]" = "iPhone Developer";
				COPY_PHASE_STRIP = NO;
				DEBUG_INFORMATION_FORMAT = "dwarf-with-dsym";
				ENABLE_NS_ASSERTIONS = NO;
				ENABLE_STRICT_OBJC_MSGSEND = YES;
				GCC_C_LANGUAGE_STANDARD = gnu99;
				GCC_NO_COMMON_BLOCKS = YES;
				GCC_WARN_64_TO_32_BIT_CONVERSION = YES;
				GCC_WARN_ABOUT_RETURN_TYPE = YES_ERROR;
				GCC_WARN_UNDECLARED_SELECTOR = YES;
				GCC_WARN_UNINITIALIZED_AUTOS = YES_AGGRESSIVE;
				GCC_WARN_UNUSED_FUNCTION = YES;
				GCC_WARN_UNUSED_VARIABLE = YES;
				IPHONEOS_DEPLOYMENT_TARGET = 9.3;
				MTL_ENABLE_DEBUG_INFO = NO;
				SDKROOT = iphoneos;
				VALIDATE_PRODUCT = YES;
			};
			name = Release;
		};
		A369357E1DF352D4005F5C2C /* Debug */ = {
			isa = XCBuildConfiguration;
			buildSettings = {
				ASSETCATALOG_COMPILER_APPICON_NAME = AppIcon;
				INFOPLIST_FILE = "mt-mapapp/Info.plist";
				LD_RUNPATH_SEARCH_PATHS = "$(inherited) @executable_path/Frameworks";
				PRODUCT_BUNDLE_IDENTIFIER = "mt.mt-mapapp";
				PRODUCT_NAME = "$(TARGET_NAME)";
			};
			name = Debug;
		};
		A369357F1DF352D4005F5C2C /* Release */ = {
			isa = XCBuildConfiguration;
			buildSettings = {
				ASSETCATALOG_COMPILER_APPICON_NAME = AppIcon;
				INFOPLIST_FILE = "mt-mapapp/Info.plist";
				LD_RUNPATH_SEARCH_PATHS = "$(inherited) @executable_path/Frameworks";
				PRODUCT_BUNDLE_IDENTIFIER = "mt.mt-mapapp";
				PRODUCT_NAME = "$(TARGET_NAME)";
			};
			name = Release;
		};
		A36935811DF352D4005F5C2C /* Debug */ = {
			isa = XCBuildConfiguration;
			buildSettings = {
				BUNDLE_LOADER = "$(TEST_HOST)";
				INFOPLIST_FILE = "mt-mapappTests/Info.plist";
				LD_RUNPATH_SEARCH_PATHS = "$(inherited) @executable_path/Frameworks @loader_path/Frameworks";
				PRODUCT_BUNDLE_IDENTIFIER = "mt.mt-mapappTests";
				PRODUCT_NAME = "$(TARGET_NAME)";
				TEST_HOST = "$(BUILT_PRODUCTS_DIR)/mt-mapapp.app/mt-mapapp";
			};
			name = Debug;
		};
		A36935821DF352D4005F5C2C /* Release */ = {
			isa = XCBuildConfiguration;
			buildSettings = {
				BUNDLE_LOADER = "$(TEST_HOST)";
				INFOPLIST_FILE = "mt-mapappTests/Info.plist";
				LD_RUNPATH_SEARCH_PATHS = "$(inherited) @executable_path/Frameworks @loader_path/Frameworks";
				PRODUCT_BUNDLE_IDENTIFIER = "mt.mt-mapappTests";
				PRODUCT_NAME = "$(TARGET_NAME)";
				TEST_HOST = "$(BUILT_PRODUCTS_DIR)/mt-mapapp.app/mt-mapapp";
			};
			name = Release;
		};
		A36935841DF352D4005F5C2C /* Debug */ = {
			isa = XCBuildConfiguration;
			buildSettings = {
				INFOPLIST_FILE = "mt-mapappUITests/Info.plist";
				LD_RUNPATH_SEARCH_PATHS = "$(inherited) @executable_path/Frameworks @loader_path/Frameworks";
				PRODUCT_BUNDLE_IDENTIFIER = "mt.mt-mapappUITests";
				PRODUCT_NAME = "$(TARGET_NAME)";
				TEST_TARGET_NAME = "mt-mapapp";
			};
			name = Debug;
		};
		A36935851DF352D4005F5C2C /* Release */ = {
			isa = XCBuildConfiguration;
			buildSettings = {
				INFOPLIST_FILE = "mt-mapappUITests/Info.plist";
				LD_RUNPATH_SEARCH_PATHS = "$(inherited) @executable_path/Frameworks @loader_path/Frameworks";
				PRODUCT_BUNDLE_IDENTIFIER = "mt.mt-mapappUITests";
				PRODUCT_NAME = "$(TARGET_NAME)";
				TEST_TARGET_NAME = "mt-mapapp";
			};
			name = Release;
		};
/* End XCBuildConfiguration section */

/* Begin XCConfigurationList section */
		A36935501DF352D4005F5C2C /* Build configuration list for PBXProject "mt-mapapp" */ = {
			isa = XCConfigurationList;
			buildConfigurations = (
				A369357B1DF352D4005F5C2C /* Debug */,
				A369357C1DF352D4005F5C2C /* Release */,
			);
			defaultConfigurationIsVisible = 0;
			defaultConfigurationName = Release;
		};
		A369357D1DF352D4005F5C2C /* Build configuration list for PBXNativeTarget "mt-mapapp" */ = {
			isa = XCConfigurationList;
			buildConfigurations = (
				A369357E1DF352D4005F5C2C /* Debug */,
				A369357F1DF352D4005F5C2C /* Release */,
			);
			defaultConfigurationIsVisible = 0;
		};
		A36935801DF352D4005F5C2C /* Build configuration list for PBXNativeTarget "mt-mapappTests" */ = {
			isa = XCConfigurationList;
			buildConfigurations = (
				A36935811DF352D4005F5C2C /* Debug */,
				A36935821DF352D4005F5C2C /* Release */,
			);
			defaultConfigurationIsVisible = 0;
		};
		A36935831DF352D4005F5C2C /* Build configuration list for PBXNativeTarget "mt-mapappUITests" */ = {
			isa = XCConfigurationList;
			buildConfigurations = (
				A36935841DF352D4005F5C2C /* Debug */,
				A36935851DF352D4005F5C2C /* Release */,
			);
			defaultConfigurationIsVisible = 0;
		};
/* End XCConfigurationList section */
	};
	rootObject = A369354D1DF352D4005F5C2C /* Project object */;
}
